// !$*UTF8*$!
{
	archiveVersion = 1;
	classes = {
	};
	objectVersion = 46;
	objects = {

/* Begin PBXBuildFile section */
		BC08E7EA1D07F128003FFB3F /* main.m in Sources */ = {isa = PBXBuildFile; fileRef = BC08E7E91D07F128003FFB3F /* main.m */; };
		BC08E7ED1D07F128003FFB3F /* AppDelegate.m in Sources */ = {isa = PBXBuildFile; fileRef = BC08E7EC1D07F128003FFB3F /* AppDelegate.m */; };
		BC08E7F01D07F128003FFB3F /* ViewController.m in Sources */ = {isa = PBXBuildFile; fileRef = BC08E7EF1D07F128003FFB3F /* ViewController.m */; };
		BC08E7F31D07F128003FFB3F /* Main.storyboard in Resources */ = {isa = PBXBuildFile; fileRef = BC08E7F11D07F128003FFB3F /* Main.storyboard */; };
		BC08E7F51D07F128003FFB3F /* Assets.xcassets in Resources */ = {isa = PBXBuildFile; fileRef = BC08E7F41D07F128003FFB3F /* Assets.xcassets */; };
		BC08E7F81D07F128003FFB3F /* LaunchScreen.storyboard in Resources */ = {isa = PBXBuildFile; fileRef = BC08E7F61D07F128003FFB3F /* LaunchScreen.storyboard */; };
		BC08E8011D07F5EA003FFB3F /* FXViewController.m in Sources */ = {isa = PBXBuildFile; fileRef = BC08E8001D07F5EA003FFB3F /* FXViewController.m */; };
/* End PBXBuildFile section */

/* Begin PBXFileReference section */
		BC08E7E51D07F128003FFB3F /* FXFreeLimit.app */ = {isa = PBXFileReference; explicitFileType = wrapper.application; includeInIndex = 0; path = FXFreeLimit.app; sourceTree = BUILT_PRODUCTS_DIR; };
		BC08E7E91D07F128003FFB3F /* main.m */ = {isa = PBXFileReference; lastKnownFileType = sourcecode.c.objc; path = main.m; sourceTree = "<group>"; };
		BC08E7EB1D07F128003FFB3F /* AppDelegate.h */ = {isa = PBXFileReference; lastKnownFileType = sourcecode.c.h; path = AppDelegate.h; sourceTree = "<group>"; };
		BC08E7EC1D07F128003FFB3F /* AppDelegate.m */ = {isa = PBXFileReference; lastKnownFileType = sourcecode.c.objc; path = AppDelegate.m; sourceTree = "<group>"; };
		BC08E7EE1D07F128003FFB3F /* ViewController.h */ = {isa = PBXFileReference; lastKnownFileType = sourcecode.c.h; path = ViewController.h; sourceTree = "<group>"; };
		BC08E7EF1D07F128003FFB3F /* ViewController.m */ = {isa = PBXFileReference; lastKnownFileType = sourcecode.c.objc; path = ViewController.m; sourceTree = "<group>"; };
		BC08E7F21D07F128003FFB3F /* Base */ = {isa = PBXFileReference; lastKnownFileType = file.storyboard; name = Base; path = Base.lproj/Main.storyboard; sourceTree = "<group>"; };
		BC08E7F41D07F128003FFB3F /* Assets.xcassets */ = {isa = PBXFileReference; lastKnownFileType = folder.assetcatalog; path = Assets.xcassets; sourceTree = "<group>"; };
		BC08E7F71D07F128003FFB3F /* Base */ = {isa = PBXFileReference; lastKnownFileType = file.storyboard; name = Base; path = Base.lproj/LaunchScreen.storyboard; sourceTree = "<group>"; };
		BC08E7F91D07F128003FFB3F /* Info.plist */ = {isa = PBXFileReference; lastKnownFileType = text.plist.xml; path = Info.plist; sourceTree = "<group>"; };
		BC08E7FF1D07F5EA003FFB3F /* FXViewController.h */ = {isa = PBXFileReference; fileEncoding = 4; lastKnownFileType = sourcecode.c.h; name = FXViewController.h; path = "../视图控制器/FXViewController.h"; sourceTree = "<group>"; };
		BC08E8001D07F5EA003FFB3F /* FXViewController.m */ = {isa = PBXFileReference; fileEncoding = 4; lastKnownFileType = sourcecode.c.objc; name = FXViewController.m; path = "../视图控制器/FXViewController.m"; sourceTree = "<group>"; };
/* End PBXFileReference section */

/* Begin PBXFrameworksBuildPhase section */
		BC08E7E21D07F127003FFB3F /* Frameworks */ = {
			isa = PBXFrameworksBuildPhase;
			buildActionMask = 2147483647;
			files = (
			);
			runOnlyForDeploymentPostprocessing = 0;
		};
/* End PBXFrameworksBuildPhase section */

/* Begin PBXGroup section */
		BC08E7DC1D07F127003FFB3F = {
			isa = PBXGroup;
			children = (
				BC08E7E71D07F128003FFB3F /* FXFreeLimit */,
				BC08E7E61D07F128003FFB3F /* Products */,
			);
			sourceTree = "<group>";
		};
		BC08E7E61D07F128003FFB3F /* Products */ = {
			isa = PBXGroup;
			children = (
				BC08E7E51D07F128003FFB3F /* FXFreeLimit.app */,
			);
			name = Products;
			sourceTree = "<group>";
		};
		BC08E7E71D07F128003FFB3F /* FXFreeLimit */ = {
			isa = PBXGroup;
			children = (
				BC08E7FF1D07F5EA003FFB3F /* FXViewController.h */,
				BC08E8001D07F5EA003FFB3F /* FXViewController.m */,
				BC08E7EB1D07F128003FFB3F /* AppDelegate.h */,
				BC08E7EC1D07F128003FFB3F /* AppDelegate.m */,
				BC08E7EE1D07F128003FFB3F /* ViewController.h */,
				BC08E7EF1D07F128003FFB3F /* ViewController.m */,
				BC08E7F11D07F128003FFB3F /* Main.storyboard */,
				BC08E7F41D07F128003FFB3F /* Assets.xcassets */,
				BC08E7F61D07F128003FFB3F /* LaunchScreen.storyboard */,
				BC08E7F91D07F128003FFB3F /* Info.plist */,
				BC08E7E81D07F128003FFB3F /* Supporting Files */,
			);
			path = FXFreeLimit;
			sourceTree = "<group>";
		};
		BC08E7E81D07F128003FFB3F /* Supporting Files */ = {
			isa = PBXGroup;
			children = (
				BC08E7E91D07F128003FFB3F /* main.m */,
			);
			name = "Supporting Files";
			sourceTree = "<group>";
		};
/* End PBXGroup section */

/* Begin PBXNativeTarget section */
		BC08E7E41D07F127003FFB3F /* FXFreeLimit */ = {
			isa = PBXNativeTarget;
			buildConfigurationList = BC08E7FC1D07F128003FFB3F /* Build configuration list for PBXNativeTarget "FXFreeLimit" */;
			buildPhases = (
				BC08E7E11D07F127003FFB3F /* Sources */,
				BC08E7E21D07F127003FFB3F /* Frameworks */,
				BC08E7E31D07F127003FFB3F /* Resources */,
			);
			buildRules = (
			);
			dependencies = (
			);
			name = FXFreeLimit;
			productName = FXFreeLimit;
			productReference = BC08E7E51D07F128003FFB3F /* FXFreeLimit.app */;
			productType = "com.apple.product-type.application";
		};
/* End PBXNativeTarget section */

/* Begin PBXProject section */
		BC08E7DD1D07F127003FFB3F /* Project object */ = {
			isa = PBXProject;
			attributes = {
				LastUpgradeCheck = 0720;
				ORGANIZATIONNAME = FengXiao;
				TargetAttributes = {
					BC08E7E41D07F127003FFB3F = {
						CreatedOnToolsVersion = 7.2.1;
					};
				};
			};
			buildConfigurationList = BC08E7E01D07F127003FFB3F /* Build configuration list for PBXProject "FXFreeLimit" */;
			compatibilityVersion = "Xcode 3.2";
			developmentRegion = English;
			hasScannedForEncodings = 0;
			knownRegions = (
				en,
				Base,
			);
			mainGroup = BC08E7DC1D07F127003FFB3F;
			productRefGroup = BC08E7E61D07F128003FFB3F /* Products */;
			projectDirPath = "";
			projectRoot = "";
			targets = (
				BC08E7E41D07F127003FFB3F /* FXFreeLimit */,
			);
		};
/* End PBXProject section */

/* Begin PBXResourcesBuildPhase section */
		BC08E7E31D07F127003FFB3F /* Resources */ = {
			isa = PBXResourcesBuildPhase;
			buildActionMask = 2147483647;
			files = (
				BC08E7F81D07F128003FFB3F /* LaunchScreen.storyboard in Resources */,
				BC08E7F51D07F128003FFB3F /* Assets.xcassets in Resources */,
				BC08E7F31D07F128003FFB3F /* Main.storyboard in Resources */,
			);
			runOnlyForDeploymentPostprocessing = 0;
		};
/* End PBXResourcesBuildPhase section */

/* Begin PBXSourcesBuildPhase section */
		BC08E7E11D07F127003FFB3F /* Sources */ = {
			isa = PBXSourcesBuildPhase;
			buildActionMask = 2147483647;
			files = (
				BC08E7F01D07F128003FFB3F /* ViewController.m in Sources */,
				BC08E7ED1D07F128003FFB3F /* AppDelegate.m in Sources */,
				BC08E8011D07F5EA003FFB3F /* FXViewController.m in Sources */,
				BC08E7EA1D07F128003FFB3F /* main.m in Sources */,
			);
			runOnlyForDeploymentPostprocessing = 0;
		};
/* End PBXSourcesBuildPhase section */

/* Begin PBXVariantGroup section */
		BC08E7F11D07F128003FFB3F /* Main.storyboard */ = {
			isa = PBXVariantGroup;
			children = (
				BC08E7F21D07F128003FFB3F /* Base */,
			);
			name = Main.storyboard;
			sourceTree = "<group>";
		};
		BC08E7F61D07F128003FFB3F /* LaunchScreen.storyboard */ = {
			isa = PBXVariantGroup;
			children = (
				BC08E7F71D07F128003FFB3F /* Base */,
			);
			name = LaunchScreen.storyboard;
			sourceTree = "<group>";
		};
/* End PBXVariantGroup section */

/* Begin XCBuildConfiguration section */
		BC08E7FA1D07F128003FFB3F /* Debug */ = {
			isa = XCBuildConfiguration;
			buildSettings = {
				ALWAYS_SEARCH_USER_PATHS = NO;
				CLANG_CXX_LANGUAGE_STANDARD = "gnu++0x";
				CLANG_CXX_LIBRARY = "libc++";
				CLANG_ENABLE_MODULES = YES;
				CLANG_ENABLE_OBJC_ARC = YES;
				CLANG_WARN_BOOL_CONVERSION = YES;
				CLANG_WARN_CONSTANT_CONVERSION = YES;
				CLANG_WARN_DIRECT_OBJC_ISA_USAGE = YES_ERROR;
				CLANG_WARN_EMPTY_BODY = YES;
				CLANG_WARN_ENUM_CONVERSION = YES;
				CLANG_WARN_INT_CONVERSION = YES;
				CLANG_WARN_OBJC_ROOT_CLASS = YES_ERROR;
				CLANG_WARN_UNREACHABLE_CODE = YES;
				CLANG_WARN__DUPLICATE_METHOD_MATCH = YES;
				"CODE_SIGN_IDENTITY[sdk=iphoneos*]" = "iPhone Developer";
				COPY_PHASE_STRIP = NO;
				DEBUG_INFORMATION_FORMAT = dwarf;
				ENABLE_STRICT_OBJC_MSGSEND = YES;
				ENABLE_TESTABILITY = YES;
				GCC_C_LANGUAGE_STANDARD = gnu99;
				GCC_DYNAMIC_NO_PIC = NO;
				GCC_NO_COMMON_BLOCKS = YES;
				GCC_OPTIMIZATION_LEVEL = 0;
				GCC_PREPROCESSOR_DEFINITIONS = (
					"DEBUG=1",
					"$(inherited)",
				);
				GCC_WARN_64_TO_32_BIT_CONVERSION = YES;
				GCC_WARN_ABOUT_RETURN_TYPE = YES_ERROR;
				GCC_WARN_UNDECLARED_SELECTOR = YES;
				GCC_WARN_UNINITIALIZED_AUTOS = YES_AGGRESSIVE;
				GCC_WARN_UNUSED_FUNCTION = YES;
				GCC_WARN_UNUSED_VARIABLE = YES;
				IPHONEOS_DEPLOYMENT_TARGET = 9.2;
				MTL_ENABLE_DEBUG_INFO = YES;
				ONLY_ACTIVE_ARCH = YES;
				SDKROOT = iphoneos;
				TARGETED_DEVICE_FAMILY = "1,2";
			};
			name = Debug;
		};
		BC08E7FB1D07F128003FFB3F /* Release */ = {
			isa = XCBuildConfiguration;
			buildSettings = {
				ALWAYS_SEARCH_USER_PATHS = NO;
				CLANG_CXX_LANGUAGE_STANDARD = "gnu++0x";
				CLANG_CXX_LIBRARY = "libc++";
				CLANG_ENABLE_MODULES = YES;
				CLANG_ENABLE_OBJC_ARC = YES;
				CLANG_WARN_BOOL_CONVERSION = YES;
				CLANG_WARN_CONSTANT_CONVERSION = YES;
				CLANG_WARN_DIRECT_OBJC_ISA_USAGE = YES_ERROR;
				CLANG_WARN_EMPTY_BODY = YES;
				CLANG_WARN_ENUM_CONVERSION = YES;
				CLANG_WARN_INT_CONVERSION = YES;
				CLANG_WARN_OBJC_ROOT_CLASS = YES_ERROR;
				CLANG_WARN_UNREACHABLE_CODE = YES;
				CLANG_WARN__DUPLICATE_METHOD_MATCH = YES;
				"CODE_SIGN_IDENTITY[sdk=iphoneos*]" = "iPhone Developer";
				COPY_PHASE_STRIP = NO;
				DEBUG_INFORMATION_FORMAT = "dwarf-with-dsym";
				ENABLE_NS_ASSERTIONS = NO;
				ENABLE_STRICT_OBJC_MSGSEND = YES;
				GCC_C_LANGUAGE_STANDARD = gnu99;
				GCC_NO_COMMON_BLOCKS = YES;
				GCC_WARN_64_TO_32_BIT_CONVERSION = YES;
				GCC_WARN_ABOUT_RETURN_TYPE = YES_ERROR;
				GCC_WARN_UNDECLARED_SELECTOR = YES;
				GCC_WARN_UNINITIALIZED_AUTOS = YES_AGGRESSIVE;
				GCC_WARN_UNUSED_FUNCTION = YES;
				GCC_WARN_UNUSED_VARIABLE = YES;
				IPHONEOS_DEPLOYMENT_TARGET = 9.2;
				MTL_ENABLE_DEBUG_INFO = NO;
				SDKROOT = iphoneos;
				TARGETED_DEVICE_FAMILY = "1,2";
				VALIDATE_PRODUCT = YES;
			};
			name = Release;
		};
		BC08E7FD1D07F128003FFB3F /* Debug */ = {
			isa = XCBuildConfiguration;
			buildSettings = {
				ASSETCATALOG_COMPILER_APPICON_NAME = AppIcon;
				INFOPLIST_FILE = FXFreeLimit/Info.plist;
				LD_RUNPATH_SEARCH_PATHS = "$(inherited) @executable_path/Frameworks";
				PRODUCT_BUNDLE_IDENTIFIER = org.mobiletrain.FXFreeLimit;
				PRODUCT_NAME = "$(TARGET_NAME)";
			};
			name = Debug;
		};
		BC08E7FE1D07F128003FFB3F /* Release */ = {
			isa = XCBuildConfiguration;
			buildSettings = {
				ASSETCATALOG_COMPILER_APPICON_NAME = AppIcon;
				INFOPLIST_FILE = FXFreeLimit/Info.plist;
				LD_RUNPATH_SEARCH_PATHS = "$(inherited) @executable_path/Frameworks";
				PRODUCT_BUNDLE_IDENTIFIER = org.mobiletrain.FXFreeLimit;
				PRODUCT_NAME = "$(TARGET_NAME)";
			};
			name = Release;
		};
/* End XCBuildConfiguration section */

/* Begin XCConfigurationList section */
		BC08E7E01D07F127003FFB3F /* Build configuration list for PBXProject "FXFreeLimit" */ = {
			isa = XCConfigurationList;
			buildConfigurations = (
				BC08E7FA1D07F128003FFB3F /* Debug */,
				BC08E7FB1D07F128003FFB3F /* Release */,
			);
			defaultConfigurationIsVisible = 0;
			defaultConfigurationName = Release;
		};
		BC08E7FC1D07F128003FFB3F /* Build configuration list for PBXNativeTarget "FXFreeLimit" */ = {
			isa = XCConfigurationList;
			buildConfigurations = (
				BC08E7FD1D07F128003FFB3F /* Debug */,
				BC08E7FE1D07F128003FFB3F /* Release */,
			);
			defaultConfigurationIsVisible = 0;
		};
/* End XCConfigurationList section */
	};
	rootObject = BC08E7DD1D07F127003FFB3F /* Project object */;
}
